
Microsoft Visual Studio Solution File, Format Version 12.00
# Visual Studio Version 17
VisualStudioVersion = 17.13.35828.75
MinimumVisualStudioVersion = 10.0.40219.1
Project("{FAE04EC0-301F-11D3-BF4B-00C04F79EFBC}") = "CinemaManagementSystem", "CinemaManagementSystem.csproj", "{9AD728A5-301B-427F-8913-ADAD1AA28060}"
EndProject
Project("{FAE04EC0-301F-11D3-BF4B-00C04F79EFBC}") = "CinemaManagementSystemTests", "..\CinemaManagementSystemTests\CinemaManagementSystemTests.csproj", "{47A510E3-0C14-458D-A05E-BAFE2AECEB99}"
EndProject
Global
	GlobalSection(SolutionConfigurationPlatforms) = preSolution
		Debug|Any CPU = Debug|Any CPU
		Release|Any CPU = Release|Any CPU
	EndGlobalSection
	GlobalSection(ProjectConfigurationPlatforms) = postSolution
		{9AD728A5-301B-427F-8913-ADAD1AA28060}.Debug|Any CPU.ActiveCfg = Debug|Any CPU
		{9AD728A5-301B-427F-8913-ADAD1AA28060}.Debug|Any CPU.Build.0 = Debug|Any CPU
		{9AD728A5-301B-427F-8913-ADAD1AA28060}.Release|Any CPU.ActiveCfg = Release|Any CPU
		{9AD728A5-301B-427F-8913-ADAD1AA28060}.Release|Any CPU.Build.0 = Release|Any CPU
		{47A510E3-0C14-458D-A05E-BAFE2AECEB99}.Debug|Any CPU.ActiveCfg = Debug|Any CPU
		{47A510E3-0C14-458D-A05E-BAFE2AECEB99}.Debug|Any CPU.Build.0 = Debug|Any CPU
		{47A510E3-0C14-458D-A05E-BAFE2AECEB99}.Release|Any CPU.ActiveCfg = Release|Any CPU
		{47A510E3-0C14-458D-A05E-BAFE2AECEB99}.Release|Any CPU.Build.0 = Release|Any CPU
	EndGlobalSection
	GlobalSection(SolutionProperties) = preSolution
		HideSolutionNode = FALSE
	EndGlobalSection
	GlobalSection(ExtensibilityGlobals) = postSolution
		SolutionGuid = {C78A80F6-7C7E-44D3-AF28-0B150100D352}
	EndGlobalSection
EndGlobal
